{
  "name": "kvgauge",
  "version": "1.0.0",
  "lockfileVersion": 3,
  "requires": true,
  "packages": {
    "": {
      "name": "kvgauge",
      "version": "1.0.0",
      "license": "GPL-3.0",
      "dependencies": {
        "systeminformation": "^5.23.7"
      }
    },
    "node_modules/systeminformation": {
      "version": "5.27.11",
      "resolved": "https://registry.npmjs.org/systeminformation/-/systeminformation-5.27.11.tgz",
      "integrity": "sha512-K3Lto/2m3K2twmKHdgx5B+0in9qhXK4YnoT9rIlgwN/4v7OV5c8IjbeAUkuky/6VzCQC7iKCAqi8rZathCdjHg==",
      "license": "MIT",
      "os": [
        "darwin",
        "linux",
        "win32",
        "freebsd",
        "openbsd",
        "netbsd",
        "sunos",
        "android"
      ],
      "bin": {
        "systeminformation": "lib/cli.js"
      },
      "engines": {
        "node": ">=8.0.0"
      },
      "funding": {
        "type": "Buy me a coffee",
        "url": "https://www.buymeacoffee.com/systeminfo"
      }
    }
  }
}
